
Microsoft Visual Studio Solution File, Format Version 11.00
# Visual Studio 2010
Project("{FAE04EC0-301F-11D3-BF4B-00C04F79EFBC}") = "SendMessage", "SendMessage\SendMessage.csproj", "{FB4D28D4-9981-42AE-BFF7-EF4C8CB11863}"
EndProject
Global
	GlobalSection(SolutionConfigurationPlatforms) = preSolution
		Debug|Any CPU = Debug|Any CPU
		Release|Any CPU = Release|Any CPU
	EndGlobalSection
	GlobalSection(ProjectConfigurationPlatforms) = postSolution
		{FB4D28D4-9981-42AE-BFF7-EF4C8CB11863}.Debug|Any CPU.ActiveCfg = Debug|Any CPU
		{FB4D28D4-9981-42AE-BFF7-EF4C8CB11863}.Debug|Any CPU.Build.0 = Debug|Any CPU
		{FB4D28D4-9981-42AE-BFF7-EF4C8CB11863}.Release|Any CPU.ActiveCfg = Release|Any CPU
		{FB4D28D4-9981-42AE-BFF7-EF4C8CB11863}.Release|Any CPU.Build.0 = Release|Any CPU
	EndGlobalSection
	GlobalSection(SolutionProperties) = preSolution
		HideSolutionNode = FALSE
	EndGlobalSection
EndGlobal
