
Microsoft Visual Studio Solution File, Format Version 11.00
# Visual Studio 2010
Project("{FAE04EC0-301F-11D3-BF4B-00C04F79EFBC}") = "ReadMessages", "ReadMessages\ReadMessages.csproj", "{08CC2727-5FAB-40CB-BF99-541E79B43088}"
EndProject
Global
	GlobalSection(SolutionConfigurationPlatforms) = preSolution
		Debug|Any CPU = Debug|Any CPU
		Release|Any CPU = Release|Any CPU
	EndGlobalSection
	GlobalSection(ProjectConfigurationPlatforms) = postSolution
		{08CC2727-5FAB-40CB-BF99-541E79B43088}.Debug|Any CPU.ActiveCfg = Debug|Any CPU
		{08CC2727-5FAB-40CB-BF99-541E79B43088}.Debug|Any CPU.Build.0 = Debug|Any CPU
		{08CC2727-5FAB-40CB-BF99-541E79B43088}.Release|Any CPU.ActiveCfg = Release|Any CPU
		{08CC2727-5FAB-40CB-BF99-541E79B43088}.Release|Any CPU.Build.0 = Release|Any CPU
	EndGlobalSection
	GlobalSection(SolutionProperties) = preSolution
		HideSolutionNode = FALSE
	EndGlobalSection
EndGlobal
